
Microsoft Visual Studio Solution File, Format Version 12.00
# Visual Studio 15
VisualStudioVersion = 15.0.28010.2046
MinimumVisualStudioVersion = 10.0.40219.1
Project("{FAE04EC0-301F-11D3-BF4B-00C04F79EFBC}") = "Practise_045_1", "PractiseVol01\Practise_045_1.csproj", "{E140B237-52CD-4495-A779-871AF5FE96B9}"
EndProject
Project("{FAE04EC0-301F-11D3-BF4B-00C04F79EFBC}") = "Practise.UnitTests", "Practise.UnitTests\Practise.UnitTests.csproj", "{4518D272-104F-4C45-B414-707FF09711DF}"
EndProject
Project("{FAE04EC0-301F-11D3-BF4B-00C04F79EFBC}") = "Practise_059_1", "PractiseVol02\Practise_059_1.csproj", "{B1867F6C-0CAE-425F-955A-ED95D12D5206}"
EndProject
Project("{FAE04EC0-301F-11D3-BF4B-00C04F79EFBC}") = "Practise_060_2", "PractiseVol04\Practise_060_2.csproj", "{A50B9E75-E7E4-453B-93CD-E51B7FE05AE5}"
EndProject
Project("{FAE04EC0-301F-11D3-BF4B-00C04F79EFBC}") = "Practise_061_1", "PractiseVol05\Practise_061_1.csproj", "{840DE776-C437-4A0A-9759-CD91A559DFAD}"
EndProject
Project("{FAE04EC0-301F-11D3-BF4B-00C04F79EFBC}") = "Practise_073_1", "PractiseVol06\Practise_073_1.csproj", "{2BC8A4E8-A74D-43D4-B7ED-9F5E627AC6F2}"
EndProject
Project("{FAE04EC0-301F-11D3-BF4B-00C04F79EFBC}") = "Practise_078", "PractiseVol07\Practise_078.csproj", "{A1524957-5D2E-405B-9EE1-69021B15CB3D}"
EndProject
Project("{FAE04EC0-301F-11D3-BF4B-00C04F79EFBC}") = "Practise_086_1", "practiseVol08\Practise_086_1.csproj", "{9096C908-385C-4E75-96FE-1FE7D233246F}"
EndProject
Project("{FAE04EC0-301F-11D3-BF4B-00C04F79EFBC}") = "Practise_087_2", "Practise_87_2\Practise_087_2.csproj", "{1D306EEB-1AEE-4EBC-AB49-1100FC1B82AC}"
EndProject
Project("{FAE04EC0-301F-11D3-BF4B-00C04F79EFBC}") = "Practise_106_1", "Practise_106_1\Practise_106_1.csproj", "{28DA3381-9191-46FF-BA77-4666270AA65D}"
EndProject
Global
	GlobalSection(SolutionConfigurationPlatforms) = preSolution
		Debug|Any CPU = Debug|Any CPU
		Release|Any CPU = Release|Any CPU
	EndGlobalSection
	GlobalSection(ProjectConfigurationPlatforms) = postSolution
		{E140B237-52CD-4495-A779-871AF5FE96B9}.Debug|Any CPU.ActiveCfg = Debug|Any CPU
		{E140B237-52CD-4495-A779-871AF5FE96B9}.Debug|Any CPU.Build.0 = Debug|Any CPU
		{E140B237-52CD-4495-A779-871AF5FE96B9}.Release|Any CPU.ActiveCfg = Release|Any CPU
		{E140B237-52CD-4495-A779-871AF5FE96B9}.Release|Any CPU.Build.0 = Release|Any CPU
		{4518D272-104F-4C45-B414-707FF09711DF}.Debug|Any CPU.ActiveCfg = Debug|Any CPU
		{4518D272-104F-4C45-B414-707FF09711DF}.Debug|Any CPU.Build.0 = Debug|Any CPU
		{4518D272-104F-4C45-B414-707FF09711DF}.Release|Any CPU.ActiveCfg = Release|Any CPU
		{4518D272-104F-4C45-B414-707FF09711DF}.Release|Any CPU.Build.0 = Release|Any CPU
		{B1867F6C-0CAE-425F-955A-ED95D12D5206}.Debug|Any CPU.ActiveCfg = Debug|Any CPU
		{B1867F6C-0CAE-425F-955A-ED95D12D5206}.Debug|Any CPU.Build.0 = Debug|Any CPU
		{B1867F6C-0CAE-425F-955A-ED95D12D5206}.Release|Any CPU.ActiveCfg = Release|Any CPU
		{B1867F6C-0CAE-425F-955A-ED95D12D5206}.Release|Any CPU.Build.0 = Release|Any CPU
		{A50B9E75-E7E4-453B-93CD-E51B7FE05AE5}.Debug|Any CPU.ActiveCfg = Debug|Any CPU
		{A50B9E75-E7E4-453B-93CD-E51B7FE05AE5}.Debug|Any CPU.Build.0 = Debug|Any CPU
		{A50B9E75-E7E4-453B-93CD-E51B7FE05AE5}.Release|Any CPU.ActiveCfg = Release|Any CPU
		{A50B9E75-E7E4-453B-93CD-E51B7FE05AE5}.Release|Any CPU.Build.0 = Release|Any CPU
		{840DE776-C437-4A0A-9759-CD91A559DFAD}.Debug|Any CPU.ActiveCfg = Debug|Any CPU
		{840DE776-C437-4A0A-9759-CD91A559DFAD}.Debug|Any CPU.Build.0 = Debug|Any CPU
		{840DE776-C437-4A0A-9759-CD91A559DFAD}.Release|Any CPU.ActiveCfg = Release|Any CPU
		{840DE776-C437-4A0A-9759-CD91A559DFAD}.Release|Any CPU.Build.0 = Release|Any CPU
		{2BC8A4E8-A74D-43D4-B7ED-9F5E627AC6F2}.Debug|Any CPU.ActiveCfg = Debug|Any CPU
		{2BC8A4E8-A74D-43D4-B7ED-9F5E627AC6F2}.Debug|Any CPU.Build.0 = Debug|Any CPU
		{2BC8A4E8-A74D-43D4-B7ED-9F5E627AC6F2}.Release|Any CPU.ActiveCfg = Release|Any CPU
		{2BC8A4E8-A74D-43D4-B7ED-9F5E627AC6F2}.Release|Any CPU.Build.0 = Release|Any CPU
		{A1524957-5D2E-405B-9EE1-69021B15CB3D}.Debug|Any CPU.ActiveCfg = Debug|Any CPU
		{A1524957-5D2E-405B-9EE1-69021B15CB3D}.Debug|Any CPU.Build.0 = Debug|Any CPU
		{A1524957-5D2E-405B-9EE1-69021B15CB3D}.Release|Any CPU.ActiveCfg = Release|Any CPU
		{A1524957-5D2E-405B-9EE1-69021B15CB3D}.Release|Any CPU.Build.0 = Release|Any CPU
		{9096C908-385C-4E75-96FE-1FE7D233246F}.Debug|Any CPU.ActiveCfg = Debug|Any CPU
		{9096C908-385C-4E75-96FE-1FE7D233246F}.Debug|Any CPU.Build.0 = Debug|Any CPU
		{9096C908-385C-4E75-96FE-1FE7D233246F}.Release|Any CPU.ActiveCfg = Release|Any CPU
		{9096C908-385C-4E75-96FE-1FE7D233246F}.Release|Any CPU.Build.0 = Release|Any CPU
		{1D306EEB-1AEE-4EBC-AB49-1100FC1B82AC}.Debug|Any CPU.ActiveCfg = Debug|Any CPU
		{1D306EEB-1AEE-4EBC-AB49-1100FC1B82AC}.Debug|Any CPU.Build.0 = Debug|Any CPU
		{1D306EEB-1AEE-4EBC-AB49-1100FC1B82AC}.Release|Any CPU.ActiveCfg = Release|Any CPU
		{1D306EEB-1AEE-4EBC-AB49-1100FC1B82AC}.Release|Any CPU.Build.0 = Release|Any CPU
		{28DA3381-9191-46FF-BA77-4666270AA65D}.Debug|Any CPU.ActiveCfg = Debug|Any CPU
		{28DA3381-9191-46FF-BA77-4666270AA65D}.Debug|Any CPU.Build.0 = Debug|Any CPU
		{28DA3381-9191-46FF-BA77-4666270AA65D}.Release|Any CPU.ActiveCfg = Release|Any CPU
		{28DA3381-9191-46FF-BA77-4666270AA65D}.Release|Any CPU.Build.0 = Release|Any CPU
	EndGlobalSection
	GlobalSection(SolutionProperties) = preSolution
		HideSolutionNode = FALSE
	EndGlobalSection
	GlobalSection(ExtensibilityGlobals) = postSolution
		SolutionGuid = {E0B51736-19E2-4B8D-B375-3ADF4B2DB70D}
	EndGlobalSection
EndGlobal
